
Microsoft Visual Studio Solution File, Format Version 12.00
# Visual Studio 15
VisualStudioVersion = 15.0.27428.2043
MinimumVisualStudioVersion = 10.0.40219.1
Project("{2150E333-8FDC-42A3-9474-1A3956D46DE8}") = "Solution Items", "Solution Items", "{0A79E67B-4E4F-4A3E-938A-87E48F509785}"
	ProjectSection(SolutionItems) = preProject
		README.md = README.md
	EndProjectSection
EndProject
Project("{9A19103F-16F7-4668-BE54-9A1E7A4F7556}") = "Swish", "SwishClient\Swish.csproj", "{9C0B6408-9078-470A-AB81-09937CBBE753}"
EndProject
Project("{9A19103F-16F7-4668-BE54-9A1E7A4F7556}") = "Swish.IntegrationTests", "SwishClient.IntegrationTests\Swish.IntegrationTests.csproj", "{EC1FCE83-1AC2-4A4F-96A1-E46028B59C9A}"
EndProject
Project("{9A19103F-16F7-4668-BE54-9A1E7A4F7556}") = "Swish.UnitTests", "SwishClient.UnitTests\Swish.UnitTests.csproj", "{A9D55AAE-22D6-4986-9ECA-2F1D6B32E933}"
EndProject
Global
	GlobalSection(SolutionConfigurationPlatforms) = preSolution
		Debug|Any CPU = Debug|Any CPU
		Release|Any CPU = Release|Any CPU
	EndGlobalSection
	GlobalSection(ProjectConfigurationPlatforms) = postSolution
		{9C0B6408-9078-470A-AB81-09937CBBE753}.Debug|Any CPU.ActiveCfg = Debug|Any CPU
		{9C0B6408-9078-470A-AB81-09937CBBE753}.Debug|Any CPU.Build.0 = Debug|Any CPU
		{9C0B6408-9078-470A-AB81-09937CBBE753}.Release|Any CPU.ActiveCfg = Release|Any CPU
		{9C0B6408-9078-470A-AB81-09937CBBE753}.Release|Any CPU.Build.0 = Release|Any CPU
		{EC1FCE83-1AC2-4A4F-96A1-E46028B59C9A}.Debug|Any CPU.ActiveCfg = Debug|Any CPU
		{EC1FCE83-1AC2-4A4F-96A1-E46028B59C9A}.Debug|Any CPU.Build.0 = Debug|Any CPU
		{EC1FCE83-1AC2-4A4F-96A1-E46028B59C9A}.Release|Any CPU.ActiveCfg = Release|Any CPU
		{EC1FCE83-1AC2-4A4F-96A1-E46028B59C9A}.Release|Any CPU.Build.0 = Release|Any CPU
		{A9D55AAE-22D6-4986-9ECA-2F1D6B32E933}.Debug|Any CPU.ActiveCfg = Debug|Any CPU
		{A9D55AAE-22D6-4986-9ECA-2F1D6B32E933}.Debug|Any CPU.Build.0 = Debug|Any CPU
		{A9D55AAE-22D6-4986-9ECA-2F1D6B32E933}.Release|Any CPU.ActiveCfg = Release|Any CPU
		{A9D55AAE-22D6-4986-9ECA-2F1D6B32E933}.Release|Any CPU.Build.0 = Release|Any CPU
	EndGlobalSection
	GlobalSection(SolutionProperties) = preSolution
		HideSolutionNode = FALSE
	EndGlobalSection
	GlobalSection(ExtensibilityGlobals) = postSolution
		SolutionGuid = {40E74911-D467-47CC-B915-148042B4DF75}
	EndGlobalSection
EndGlobal
